// !$*UTF8*$!
{
	archiveVersion = 1;
	classes = {
	};
	objectVersion = 46;
	objects = {

/* Begin PBXBuildFile section */
		84A39B05204F0F3200DD8B96 /* AppDelegate.swift in Sources */ = {isa = PBXBuildFile; fileRef = 84A39B04204F0F3200DD8B96 /* AppDelegate.swift */; };
		84A39B07204F0F3200DD8B96 /* ViewController.swift in Sources */ = {isa = PBXBuildFile; fileRef = 84A39B06204F0F3200DD8B96 /* ViewController.swift */; };
		84A39B0A204F0F3200DD8B96 /* Main.storyboard in Resources */ = {isa = PBXBuildFile; fileRef = 84A39B08204F0F3200DD8B96 /* Main.storyboard */; };
		84A39B0C204F0F3200DD8B96 /* Assets.xcassets in Resources */ = {isa = PBXBuildFile; fileRef = 84A39B0B204F0F3200DD8B96 /* Assets.xcassets */; };
		84A39B0F204F0F3200DD8B96 /* LaunchScreen.storyboard in Resources */ = {isa = PBXBuildFile; fileRef = 84A39B0D204F0F3200DD8B96 /* LaunchScreen.storyboard */; };
		84A39B1A204F0F3200DD8B96 /* nishantTests.swift in Sources */ = {isa = PBXBuildFile; fileRef = 84A39B19204F0F3200DD8B96 /* nishantTests.swift */; };
		84A39B25204F0F3200DD8B96 /* nishantUITests.swift in Sources */ = {isa = PBXBuildFile; fileRef = 84A39B24204F0F3200DD8B96 /* nishantUITests.swift */; };
/* End PBXBuildFile section */

/* Begin PBXContainerItemProxy section */
		84A39B16204F0F3200DD8B96 /* PBXContainerItemProxy */ = {
			isa = PBXContainerItemProxy;
			containerPortal = 84A39AF9204F0F3200DD8B96 /* Project object */;
			proxyType = 1;
			remoteGlobalIDString = 84A39B00204F0F3200DD8B96;
			remoteInfo = nishant;
		};
		84A39B21204F0F3200DD8B96 /* PBXContainerItemProxy */ = {
			isa = PBXContainerItemProxy;
			containerPortal = 84A39AF9204F0F3200DD8B96 /* Project object */;
			proxyType = 1;
			remoteGlobalIDString = 84A39B00204F0F3200DD8B96;
			remoteInfo = nishant;
		};
/* End PBXContainerItemProxy section */

/* Begin PBXFileReference section */
		84A39B01204F0F3200DD8B96 /* nishant.app */ = {isa = PBXFileReference; explicitFileType = wrapper.application; includeInIndex = 0; path = nishant.app; sourceTree = BUILT_PRODUCTS_DIR; };
		84A39B04204F0F3200DD8B96 /* AppDelegate.swift */ = {isa = PBXFileReference; lastKnownFileType = sourcecode.swift; path = AppDelegate.swift; sourceTree = "<group>"; };
		84A39B06204F0F3200DD8B96 /* ViewController.swift */ = {isa = PBXFileReference; lastKnownFileType = sourcecode.swift; path = ViewController.swift; sourceTree = "<group>"; };
		84A39B09204F0F3200DD8B96 /* Base */ = {isa = PBXFileReference; lastKnownFileType = file.storyboard; name = Base; path = Base.lproj/Main.storyboard; sourceTree = "<group>"; };
		84A39B0B204F0F3200DD8B96 /* Assets.xcassets */ = {isa = PBXFileReference; lastKnownFileType = folder.assetcatalog; path = Assets.xcassets; sourceTree = "<group>"; };
		84A39B0E204F0F3200DD8B96 /* Base */ = {isa = PBXFileReference; lastKnownFileType = file.storyboard; name = Base; path = Base.lproj/LaunchScreen.storyboard; sourceTree = "<group>"; };
		84A39B10204F0F3200DD8B96 /* Info.plist */ = {isa = PBXFileReference; lastKnownFileType = text.plist.xml; path = Info.plist; sourceTree = "<group>"; };
		84A39B15204F0F3200DD8B96 /* nishantTests.xctest */ = {isa = PBXFileReference; explicitFileType = wrapper.cfbundle; includeInIndex = 0; path = nishantTests.xctest; sourceTree = BUILT_PRODUCTS_DIR; };
		84A39B19204F0F3200DD8B96 /* nishantTests.swift */ = {isa = PBXFileReference; lastKnownFileType = sourcecode.swift; path = nishantTests.swift; sourceTree = "<group>"; };
		84A39B1B204F0F3200DD8B96 /* Info.plist */ = {isa = PBXFileReference; lastKnownFileType = text.plist.xml; path = Info.plist; sourceTree = "<group>"; };
		84A39B20204F0F3200DD8B96 /* nishantUITests.xctest */ = {isa = PBXFileReference; explicitFileType = wrapper.cfbundle; includeInIndex = 0; path = nishantUITests.xctest; sourceTree = BUILT_PRODUCTS_DIR; };
		84A39B24204F0F3200DD8B96 /* nishantUITests.swift */ = {isa = PBXFileReference; lastKnownFileType = sourcecode.swift; path = nishantUITests.swift; sourceTree = "<group>"; };
		84A39B26204F0F3200DD8B96 /* Info.plist */ = {isa = PBXFileReference; lastKnownFileType = text.plist.xml; path = Info.plist; sourceTree = "<group>"; };
/* End PBXFileReference section */

/* Begin PBXFrameworksBuildPhase section */
		84A39AFE204F0F3200DD8B96 /* Frameworks */ = {
			isa = PBXFrameworksBuildPhase;
			buildActionMask = 2147483647;
			files = (
			);
			runOnlyForDeploymentPostprocessing = 0;
		};
		84A39B12204F0F3200DD8B96 /* Frameworks */ = {
			isa = PBXFrameworksBuildPhase;
			buildActionMask = 2147483647;
			files = (
			);
			runOnlyForDeploymentPostprocessing = 0;
		};
		84A39B1D204F0F3200DD8B96 /* Frameworks */ = {
			isa = PBXFrameworksBuildPhase;
			buildActionMask = 2147483647;
			files = (
			);
			runOnlyForDeploymentPostprocessing = 0;
		};
/* End PBXFrameworksBuildPhase section */

/* Begin PBXGroup section */
		84A39AF8204F0F3200DD8B96 = {
			isa = PBXGroup;
			children = (
				84A39B03204F0F3200DD8B96 /* nishant */,
				84A39B18204F0F3200DD8B96 /* nishantTests */,
				84A39B23204F0F3200DD8B96 /* nishantUITests */,
				84A39B02204F0F3200DD8B96 /* Products */,
			);
			sourceTree = "<group>";
		};
		84A39B02204F0F3200DD8B96 /* Products */ = {
			isa = PBXGroup;
			children = (
				84A39B01204F0F3200DD8B96 /* nishant.app */,
				84A39B15204F0F3200DD8B96 /* nishantTests.xctest */,
				84A39B20204F0F3200DD8B96 /* nishantUITests.xctest */,
			);
			name = Products;
			sourceTree = "<group>";
		};
		84A39B03204F0F3200DD8B96 /* nishant */ = {
			isa = PBXGroup;
			children = (
				84A39B04204F0F3200DD8B96 /* AppDelegate.swift */,
				84A39B06204F0F3200DD8B96 /* ViewController.swift */,
				84A39B08204F0F3200DD8B96 /* Main.storyboard */,
				84A39B0B204F0F3200DD8B96 /* Assets.xcassets */,
				84A39B0D204F0F3200DD8B96 /* LaunchScreen.storyboard */,
				84A39B10204F0F3200DD8B96 /* Info.plist */,
			);
			path = nishant;
			sourceTree = "<group>";
		};
		84A39B18204F0F3200DD8B96 /* nishantTests */ = {
			isa = PBXGroup;
			children = (
				84A39B19204F0F3200DD8B96 /* nishantTests.swift */,
				84A39B1B204F0F3200DD8B96 /* Info.plist */,
			);
			path = nishantTests;
			sourceTree = "<group>";
		};
		84A39B23204F0F3200DD8B96 /* nishantUITests */ = {
			isa = PBXGroup;
			children = (
				84A39B24204F0F3200DD8B96 /* nishantUITests.swift */,
				84A39B26204F0F3200DD8B96 /* Info.plist */,
			);
			path = nishantUITests;
			sourceTree = "<group>";
		};
/* End PBXGroup section */

/* Begin PBXNativeTarget section */
		84A39B00204F0F3200DD8B96 /* nishant */ = {
			isa = PBXNativeTarget;
			buildConfigurationList = 84A39B29204F0F3200DD8B96 /* Build configuration list for PBXNativeTarget "nishant" */;
			buildPhases = (
				84A39AFD204F0F3200DD8B96 /* Sources */,
				84A39AFE204F0F3200DD8B96 /* Frameworks */,
				84A39AFF204F0F3200DD8B96 /* Resources */,
			);
			buildRules = (
			);
			dependencies = (
			);
			name = nishant;
			productName = nishant;
			productReference = 84A39B01204F0F3200DD8B96 /* nishant.app */;
			productType = "com.apple.product-type.application";
		};
		84A39B14204F0F3200DD8B96 /* nishantTests */ = {
			isa = PBXNativeTarget;
			buildConfigurationList = 84A39B2C204F0F3200DD8B96 /* Build configuration list for PBXNativeTarget "nishantTests" */;
			buildPhases = (
				84A39B11204F0F3200DD8B96 /* Sources */,
				84A39B12204F0F3200DD8B96 /* Frameworks */,
				84A39B13204F0F3200DD8B96 /* Resources */,
			);
			buildRules = (
			);
			dependencies = (
				84A39B17204F0F3200DD8B96 /* PBXTargetDependency */,
			);
			name = nishantTests;
			productName = nishantTests;
			productReference = 84A39B15204F0F3200DD8B96 /* nishantTests.xctest */;
			productType = "com.apple.product-type.bundle.unit-test";
		};
		84A39B1F204F0F3200DD8B96 /* nishantUITests */ = {
			isa = PBXNativeTarget;
			buildConfigurationList = 84A39B2F204F0F3200DD8B96 /* Build configuration list for PBXNativeTarget "nishantUITests" */;
			buildPhases = (
				84A39B1C204F0F3200DD8B96 /* Sources */,
				84A39B1D204F0F3200DD8B96 /* Frameworks */,
				84A39B1E204F0F3200DD8B96 /* Resources */,
			);
			buildRules = (
			);
			dependencies = (
				84A39B22204F0F3200DD8B96 /* PBXTargetDependency */,
			);
			name = nishantUITests;
			productName = nishantUITests;
			productReference = 84A39B20204F0F3200DD8B96 /* nishantUITests.xctest */;
			productType = "com.apple.product-type.bundle.ui-testing";
		};
/* End PBXNativeTarget section */

/* Begin PBXProject section */
		84A39AF9204F0F3200DD8B96 /* Project object */ = {
			isa = PBXProject;
			attributes = {
				LastSwiftUpdateCheck = 0830;
				LastUpgradeCheck = 0830;
				ORGANIZATIONNAME = Admin;
				TargetAttributes = {
					84A39B00204F0F3200DD8B96 = {
						CreatedOnToolsVersion = 8.3;
						ProvisioningStyle = Automatic;
					};
					84A39B14204F0F3200DD8B96 = {
						CreatedOnToolsVersion = 8.3;
						ProvisioningStyle = Automatic;
						TestTargetID = 84A39B00204F0F3200DD8B96;
					};
					84A39B1F204F0F3200DD8B96 = {
						CreatedOnToolsVersion = 8.3;
						ProvisioningStyle = Automatic;
						TestTargetID = 84A39B00204F0F3200DD8B96;
					};
				};
			};
			buildConfigurationList = 84A39AFC204F0F3200DD8B96 /* Build configuration list for PBXProject "nishant" */;
			compatibilityVersion = "Xcode 3.2";
			developmentRegion = English;
			hasScannedForEncodings = 0;
			knownRegions = (
				en,
				Base,
			);
			mainGroup = 84A39AF8204F0F3200DD8B96;
			productRefGroup = 84A39B02204F0F3200DD8B96 /* Products */;
			projectDirPath = "";
			projectRoot = "";
			targets = (
				84A39B00204F0F3200DD8B96 /* nishant */,
				84A39B14204F0F3200DD8B96 /* nishantTests */,
				84A39B1F204F0F3200DD8B96 /* nishantUITests */,
			);
		};
/* End PBXProject section */

/* Begin PBXResourcesBuildPhase section */
		84A39AFF204F0F3200DD8B96 /* Resources */ = {
			isa = PBXResourcesBuildPhase;
			buildActionMask = 2147483647;
			files = (
				84A39B0F204F0F3200DD8B96 /* LaunchScreen.storyboard in Resources */,
				84A39B0C204F0F3200DD8B96 /* Assets.xcassets in Resources */,
				84A39B0A204F0F3200DD8B96 /* Main.storyboard in Resources */,
			);
			runOnlyForDeploymentPostprocessing = 0;
		};
		84A39B13204F0F3200DD8B96 /* Resources */ = {
			isa = PBXResourcesBuildPhase;
			buildActionMask = 2147483647;
			files = (
			);
			runOnlyForDeploymentPostprocessing = 0;
		};
		84A39B1E204F0F3200DD8B96 /* Resources */ = {
			isa = PBXResourcesBuildPhase;
			buildActionMask = 2147483647;
			files = (
			);
			runOnlyForDeploymentPostprocessing = 0;
		};
/* End PBXResourcesBuildPhase section */

/* Begin PBXSourcesBuildPhase section */
		84A39AFD204F0F3200DD8B96 /* Sources */ = {
			isa = PBXSourcesBuildPhase;
			buildActionMask = 2147483647;
			files = (
				84A39B07204F0F3200DD8B96 /* ViewController.swift in Sources */,
				84A39B05204F0F3200DD8B96 /* AppDelegate.swift in Sources */,
			);
			runOnlyForDeploymentPostprocessing = 0;
		};
		84A39B11204F0F3200DD8B96 /* Sources */ = {
			isa = PBXSourcesBuildPhase;
			buildActionMask = 2147483647;
			files = (
				84A39B1A204F0F3200DD8B96 /* nishantTests.swift in Sources */,
			);
			runOnlyForDeploymentPostprocessing = 0;
		};
		84A39B1C204F0F3200DD8B96 /* Sources */ = {
			isa = PBXSourcesBuildPhase;
			buildActionMask = 2147483647;
			files = (
				84A39B25204F0F3200DD8B96 /* nishantUITests.swift in Sources */,
			);
			runOnlyForDeploymentPostprocessing = 0;
		};
/* End PBXSourcesBuildPhase section */

/* Begin PBXTargetDependency section */
		84A39B17204F0F3200DD8B96 /* PBXTargetDependency */ = {
			isa = PBXTargetDependency;
			target = 84A39B00204F0F3200DD8B96 /* nishant */;
			targetProxy = 84A39B16204F0F3200DD8B96 /* PBXContainerItemProxy */;
		};
		84A39B22204F0F3200DD8B96 /* PBXTargetDependency */ = {
			isa = PBXTargetDependency;
			target = 84A39B00204F0F3200DD8B96 /* nishant */;
			targetProxy = 84A39B21204F0F3200DD8B96 /* PBXContainerItemProxy */;
		};
/* End PBXTargetDependency section */

/* Begin PBXVariantGroup section */
		84A39B08204F0F3200DD8B96 /* Main.storyboard */ = {
			isa = PBXVariantGroup;
			children = (
				84A39B09204F0F3200DD8B96 /* Base */,
			);
			name = Main.storyboard;
			sourceTree = "<group>";
		};
		84A39B0D204F0F3200DD8B96 /* LaunchScreen.storyboard */ = {
			isa = PBXVariantGroup;
			children = (
				84A39B0E204F0F3200DD8B96 /* Base */,
			);
			name = LaunchScreen.storyboard;
			sourceTree = "<group>";
		};
/* End PBXVariantGroup section */

/* Begin XCBuildConfiguration section */
		84A39B27204F0F3200DD8B96 /* Debug */ = {
			isa = XCBuildConfiguration;
			buildSettings = {
				ALWAYS_SEARCH_USER_PATHS = NO;
				CLANG_ANALYZER_NONNULL = YES;
				CLANG_ANALYZER_NUMBER_OBJECT_CONVERSION = YES_AGGRESSIVE;
				CLANG_CXX_LANGUAGE_STANDARD = "gnu++0x";
				CLANG_CXX_LIBRARY = "libc++";
				CLANG_ENABLE_MODULES = YES;
				CLANG_ENABLE_OBJC_ARC = YES;
				CLANG_WARN_BOOL_CONVERSION = YES;
				CLANG_WARN_CONSTANT_CONVERSION = YES;
				CLANG_WARN_DIRECT_OBJC_ISA_USAGE = YES_ERROR;
				CLANG_WARN_DOCUMENTATION_COMMENTS = YES;
				CLANG_WARN_EMPTY_BODY = YES;
				CLANG_WARN_ENUM_CONVERSION = YES;
				CLANG_WARN_INFINITE_RECURSION = YES;
				CLANG_WARN_INT_CONVERSION = YES;
				CLANG_WARN_OBJC_ROOT_CLASS = YES_ERROR;
				CLANG_WARN_SUSPICIOUS_MOVE = YES;
				CLANG_WARN_UNREACHABLE_CODE = YES;
				CLANG_WARN__DUPLICATE_METHOD_MATCH = YES;
				"CODE_SIGN_IDENTITY[sdk=iphoneos*]" = "iPhone Developer";
				COPY_PHASE_STRIP = NO;
				DEBUG_INFORMATION_FORMAT = dwarf;
				ENABLE_STRICT_OBJC_MSGSEND = YES;
				ENABLE_TESTABILITY = YES;
				GCC_C_LANGUAGE_STANDARD = gnu99;
				GCC_DYNAMIC_NO_PIC = NO;
				GCC_NO_COMMON_BLOCKS = YES;
				GCC_OPTIMIZATION_LEVEL = 0;
				GCC_PREPROCESSOR_DEFINITIONS = (
					"DEBUG=1",
					"$(inherited)",
				);
				GCC_WARN_64_TO_32_BIT_CONVERSION = YES;
				GCC_WARN_ABOUT_RETURN_TYPE = YES_ERROR;
				GCC_WARN_UNDECLARED_SELECTOR = YES;
				GCC_WARN_UNINITIALIZED_AUTOS = YES_AGGRESSIVE;
				GCC_WARN_UNUSED_FUNCTION = YES;
				GCC_WARN_UNUSED_VARIABLE = YES;
				IPHONEOS_DEPLOYMENT_TARGET = 10.3;
				MTL_ENABLE_DEBUG_INFO = YES;
				ONLY_ACTIVE_ARCH = YES;
				SDKROOT = iphoneos;
				SWIFT_ACTIVE_COMPILATION_CONDITIONS = DEBUG;
				SWIFT_OPTIMIZATION_LEVEL = "-Onone";
				TARGETED_DEVICE_FAMILY = "1,2";
			};
			name = Debug;
		};
		84A39B28204F0F3200DD8B96 /* Release */ = {
			isa = XCBuildConfiguration;
			buildSettings = {
				ALWAYS_SEARCH_USER_PATHS = NO;
				CLANG_ANALYZER_NONNULL = YES;
				CLANG_ANALYZER_NUMBER_OBJECT_CONVERSION = YES_AGGRESSIVE;
				CLANG_CXX_LANGUAGE_STANDARD = "gnu++0x";
				CLANG_CXX_LIBRARY = "libc++";
				CLANG_ENABLE_MODULES = YES;
				CLANG_ENABLE_OBJC_ARC = YES;
				CLANG_WARN_BOOL_CONVERSION = YES;
				CLANG_WARN_CONSTANT_CONVERSION = YES;
				CLANG_WARN_DIRECT_OBJC_ISA_USAGE = YES_ERROR;
				CLANG_WARN_DOCUMENTATION_COMMENTS = YES;
				CLANG_WARN_EMPTY_BODY = YES;
				CLANG_WARN_ENUM_CONVERSION = YES;
				CLANG_WARN_INFINITE_RECURSION = YES;
				CLANG_WARN_INT_CONVERSION = YES;
				CLANG_WARN_OBJC_ROOT_CLASS = YES_ERROR;
				CLANG_WARN_SUSPICIOUS_MOVE = YES;
				CLANG_WARN_UNREACHABLE_CODE = YES;
				CLANG_WARN__DUPLICATE_METHOD_MATCH = YES;
				"CODE_SIGN_IDENTITY[sdk=iphoneos*]" = "iPhone Developer";
				COPY_PHASE_STRIP = NO;
				DEBUG_INFORMATION_FORMAT = "dwarf-with-dsym";
				ENABLE_NS_ASSERTIONS = NO;
				ENABLE_STRICT_OBJC_MSGSEND = YES;
				GCC_C_LANGUAGE_STANDARD = gnu99;
				GCC_NO_COMMON_BLOCKS = YES;
				GCC_WARN_64_TO_32_BIT_CONVERSION = YES;
				GCC_WARN_ABOUT_RETURN_TYPE = YES_ERROR;
				GCC_WARN_UNDECLARED_SELECTOR = YES;
				GCC_WARN_UNINITIALIZED_AUTOS = YES_AGGRESSIVE;
				GCC_WARN_UNUSED_FUNCTION = YES;
				GCC_WARN_UNUSED_VARIABLE = YES;
				IPHONEOS_DEPLOYMENT_TARGET = 10.3;
				MTL_ENABLE_DEBUG_INFO = NO;
				SDKROOT = iphoneos;
				SWIFT_OPTIMIZATION_LEVEL = "-Owholemodule";
				TARGETED_DEVICE_FAMILY = "1,2";
				VALIDATE_PRODUCT = YES;
			};
			name = Release;
		};
		84A39B2A204F0F3200DD8B96 /* Debug */ = {
			isa = XCBuildConfiguration;
			buildSettings = {
				ASSETCATALOG_COMPILER_APPICON_NAME = AppIcon;
				INFOPLIST_FILE = nishant/Info.plist;
				LD_RUNPATH_SEARCH_PATHS = "$(inherited) @executable_path/Frameworks";
				PRODUCT_BUNDLE_IDENTIFIER = its.engg.nishant;
				PRODUCT_NAME = "$(TARGET_NAME)";
				SWIFT_VERSION = 3.0;
			};
			name = Debug;
		};
		84A39B2B204F0F3200DD8B96 /* Release */ = {
			isa = XCBuildConfiguration;
			buildSettings = {
				ASSETCATALOG_COMPILER_APPICON_NAME = AppIcon;
				INFOPLIST_FILE = nishant/Info.plist;
				LD_RUNPATH_SEARCH_PATHS = "$(inherited) @executable_path/Frameworks";
				PRODUCT_BUNDLE_IDENTIFIER = its.engg.nishant;
				PRODUCT_NAME = "$(TARGET_NAME)";
				SWIFT_VERSION = 3.0;
			};
			name = Release;
		};
		84A39B2D204F0F3200DD8B96 /* Debug */ = {
			isa = XCBuildConfiguration;
			buildSettings = {
				ALWAYS_EMBED_SWIFT_STANDARD_LIBRARIES = YES;
				BUNDLE_LOADER = "$(TEST_HOST)";
				INFOPLIST_FILE = nishantTests/Info.plist;
				LD_RUNPATH_SEARCH_PATHS = "$(inherited) @executable_path/Frameworks @loader_path/Frameworks";
				PRODUCT_BUNDLE_IDENTIFIER = its.engg.nishantTests;
				PRODUCT_NAME = "$(TARGET_NAME)";
				SWIFT_VERSION = 3.0;
				TEST_HOST = "$(BUILT_PRODUCTS_DIR)/nishant.app/nishant";
			};
			name = Debug;
		};
		84A39B2E204F0F3200DD8B96 /* Release */ = {
			isa = XCBuildConfiguration;
			buildSettings = {
				ALWAYS_EMBED_SWIFT_STANDARD_LIBRARIES = YES;
				BUNDLE_LOADER = "$(TEST_HOST)";
				INFOPLIST_FILE = nishantTests/Info.plist;
				LD_RUNPATH_SEARCH_PATHS = "$(inherited) @executable_path/Frameworks @loader_path/Frameworks";
				PRODUCT_BUNDLE_IDENTIFIER = its.engg.nishantTests;
				PRODUCT_NAME = "$(TARGET_NAME)";
				SWIFT_VERSION = 3.0;
				TEST_HOST = "$(BUILT_PRODUCTS_DIR)/nishant.app/nishant";
			};
			name = Release;
		};
		84A39B30204F0F3200DD8B96 /* Debug */ = {
			isa = XCBuildConfiguration;
			buildSettings = {
				ALWAYS_EMBED_SWIFT_STANDARD_LIBRARIES = YES;
				INFOPLIST_FILE = nishantUITests/Info.plist;
				LD_RUNPATH_SEARCH_PATHS = "$(inherited) @executable_path/Frameworks @loader_path/Frameworks";
				PRODUCT_BUNDLE_IDENTIFIER = its.engg.nishantUITests;
				PRODUCT_NAME = "$(TARGET_NAME)";
				SWIFT_VERSION = 3.0;
				TEST_TARGET_NAME = nishant;
			};
			name = Debug;
		};
		84A39B31204F0F3200DD8B96 /* Release */ = {
			isa = XCBuildConfiguration;
			buildSettings = {
				ALWAYS_EMBED_SWIFT_STANDARD_LIBRARIES = YES;
				INFOPLIST_FILE = nishantUITests/Info.plist;
				LD_RUNPATH_SEARCH_PATHS = "$(inherited) @executable_path/Frameworks @loader_path/Frameworks";
				PRODUCT_BUNDLE_IDENTIFIER = its.engg.nishantUITests;
				PRODUCT_NAME = "$(TARGET_NAME)";
				SWIFT_VERSION = 3.0;
				TEST_TARGET_NAME = nishant;
			};
			name = Release;
		};
/* End XCBuildConfiguration section */

/* Begin XCConfigurationList section */
		84A39AFC204F0F3200DD8B96 /* Build configuration list for PBXProject "nishant" */ = {
			isa = XCConfigurationList;
			buildConfigurations = (
				84A39B27204F0F3200DD8B96 /* Debug */,
				84A39B28204F0F3200DD8B96 /* Release */,
			);
			defaultConfigurationIsVisible = 0;
			defaultConfigurationName = Release;
		};
		84A39B29204F0F3200DD8B96 /* Build configuration list for PBXNativeTarget "nishant" */ = {
			isa = XCConfigurationList;
			buildConfigurations = (
				84A39B2A204F0F3200DD8B96 /* Debug */,
				84A39B2B204F0F3200DD8B96 /* Release */,
			);
			defaultConfigurationIsVisible = 0;
		};
		84A39B2C204F0F3200DD8B96 /* Build configuration list for PBXNativeTarget "nishantTests" */ = {
			isa = XCConfigurationList;
			buildConfigurations = (
				84A39B2D204F0F3200DD8B96 /* Debug */,
				84A39B2E204F0F3200DD8B96 /* Release */,
			);
			defaultConfigurationIsVisible = 0;
		};
		84A39B2F204F0F3200DD8B96 /* Build configuration list for PBXNativeTarget "nishantUITests" */ = {
			isa = XCConfigurationList;
			buildConfigurations = (
				84A39B30204F0F3200DD8B96 /* Debug */,
				84A39B31204F0F3200DD8B96 /* Release */,
			);
			defaultConfigurationIsVisible = 0;
		};
/* End XCConfigurationList section */
	};
	rootObject = 84A39AF9204F0F3200DD8B96 /* Project object */;
}
